
Microsoft Visual Studio Solution File, Format Version 11.00
# Visual C# Express 2010
Project("{FAE04EC0-301F-11D3-BF4B-00C04F79EFBC}") = "ElectionVotingSystem", "ElectionVotingSystem\ElectionVotingSystem.csproj", "{EDEDA33A-5C83-4CAF-98F8-2CFC05517169}"
EndProject
Global
	GlobalSection(SolutionConfigurationPlatforms) = preSolution
		Debug|x86 = Debug|x86
		Release|x86 = Release|x86
	EndGlobalSection
	GlobalSection(ProjectConfigurationPlatforms) = postSolution
		{EDEDA33A-5C83-4CAF-98F8-2CFC05517169}.Debug|x86.ActiveCfg = Debug|x86
		{EDEDA33A-5C83-4CAF-98F8-2CFC05517169}.Debug|x86.Build.0 = Debug|x86
		{EDEDA33A-5C83-4CAF-98F8-2CFC05517169}.Release|x86.ActiveCfg = Release|x86
		{EDEDA33A-5C83-4CAF-98F8-2CFC05517169}.Release|x86.Build.0 = Release|x86
	EndGlobalSection
	GlobalSection(SolutionProperties) = preSolution
		HideSolutionNode = FALSE
	EndGlobalSection
EndGlobal
